// !$*UTF8*$!
{
	archiveVersion = 1;
	classes = {
	};
	objectVersion = 55;
	objects = {

/* Begin PBXBuildFile section */
		FAF763222845FBF100D20999 /* FruitsApp.swift in Sources */ = {isa = PBXBuildFile; fileRef = FAF763212845FBF100D20999 /* FruitsApp.swift */; };
		FAF763242845FBF100D20999 /* ContentView.swift in Sources */ = {isa = PBXBuildFile; fileRef = FAF763232845FBF100D20999 /* ContentView.swift */; };
		FAF763262845FBF300D20999 /* Assets.xcassets in Resources */ = {isa = PBXBuildFile; fileRef = FAF763252845FBF300D20999 /* Assets.xcassets */; };
		FAF763292845FBF300D20999 /* Preview Assets.xcassets in Resources */ = {isa = PBXBuildFile; fileRef = FAF763282845FBF300D20999 /* Preview Assets.xcassets */; };
		FAF763302846A40B00D20999 /* README.md in Resources */ = {isa = PBXBuildFile; fileRef = FAF7632F2846A40B00D20999 /* README.md */; };
		FAF763342846B8DE00D20999 /* FruitCardView.swift in Sources */ = {isa = PBXBuildFile; fileRef = FAF763332846B8DE00D20999 /* FruitCardView.swift */; };
		FAF763372846BDC500D20999 /* FruitsData.txt in Resources */ = {isa = PBXBuildFile; fileRef = FAF763362846BDC500D20999 /* FruitsData.txt */; };
		FAF763392846BE9300D20999 /* StartButtonView.swift in Sources */ = {isa = PBXBuildFile; fileRef = FAF763382846BE9300D20999 /* StartButtonView.swift */; };
/* End PBXBuildFile section */

/* Begin PBXFileReference section */
		FAF7631E2845FBF100D20999 /* Fruits.app */ = {isa = PBXFileReference; explicitFileType = wrapper.application; includeInIndex = 0; path = Fruits.app; sourceTree = BUILT_PRODUCTS_DIR; };
		FAF763212845FBF100D20999 /* FruitsApp.swift */ = {isa = PBXFileReference; lastKnownFileType = sourcecode.swift; path = FruitsApp.swift; sourceTree = "<group>"; };
		FAF763232845FBF100D20999 /* ContentView.swift */ = {isa = PBXFileReference; lastKnownFileType = sourcecode.swift; path = ContentView.swift; sourceTree = "<group>"; };
		FAF763252845FBF300D20999 /* Assets.xcassets */ = {isa = PBXFileReference; lastKnownFileType = folder.assetcatalog; path = Assets.xcassets; sourceTree = "<group>"; };
		FAF763282845FBF300D20999 /* Preview Assets.xcassets */ = {isa = PBXFileReference; lastKnownFileType = folder.assetcatalog; path = "Preview Assets.xcassets"; sourceTree = "<group>"; };
		FAF7632F2846A40B00D20999 /* README.md */ = {isa = PBXFileReference; lastKnownFileType = net.daringfireball.markdown; path = README.md; sourceTree = "<group>"; };
		FAF763332846B8DE00D20999 /* FruitCardView.swift */ = {isa = PBXFileReference; lastKnownFileType = sourcecode.swift; path = FruitCardView.swift; sourceTree = "<group>"; };
		FAF763362846BDC500D20999 /* FruitsData.txt */ = {isa = PBXFileReference; fileEncoding = 4; lastKnownFileType = text; path = FruitsData.txt; sourceTree = "<group>"; };
		FAF763382846BE9300D20999 /* StartButtonView.swift */ = {isa = PBXFileReference; lastKnownFileType = sourcecode.swift; path = StartButtonView.swift; sourceTree = "<group>"; };
/* End PBXFileReference section */

/* Begin PBXFrameworksBuildPhase section */
		FAF7631B2845FBF100D20999 /* Frameworks */ = {
			isa = PBXFrameworksBuildPhase;
			buildActionMask = 2147483647;
			files = (
			);
			runOnlyForDeploymentPostprocessing = 0;
		};
/* End PBXFrameworksBuildPhase section */

/* Begin PBXGroup section */
		FAF763152845FBF100D20999 = {
			isa = PBXGroup;
			children = (
				FAF7632F2846A40B00D20999 /* README.md */,
				FAF763202845FBF100D20999 /* Fruits */,
				FAF7631F2845FBF100D20999 /* Products */,
			);
			sourceTree = "<group>";
		};
		FAF7631F2845FBF100D20999 /* Products */ = {
			isa = PBXGroup;
			children = (
				FAF7631E2845FBF100D20999 /* Fruits.app */,
			);
			name = Products;
			sourceTree = "<group>";
		};
		FAF763202845FBF100D20999 /* Fruits */ = {
			isa = PBXGroup;
			children = (
				FAF763352846BDC500D20999 /* Data */,
				FAF763322846B8B200D20999 /* View */,
				FAF763312846B8A200D20999 /* App */,
				FAF763252845FBF300D20999 /* Assets.xcassets */,
				FAF763272845FBF300D20999 /* Preview Content */,
			);
			path = Fruits;
			sourceTree = "<group>";
		};
		FAF763272845FBF300D20999 /* Preview Content */ = {
			isa = PBXGroup;
			children = (
				FAF763282845FBF300D20999 /* Preview Assets.xcassets */,
			);
			path = "Preview Content";
			sourceTree = "<group>";
		};
		FAF763312846B8A200D20999 /* App */ = {
			isa = PBXGroup;
			children = (
				FAF763212845FBF100D20999 /* FruitsApp.swift */,
				FAF763232845FBF100D20999 /* ContentView.swift */,
			);
			path = App;
			sourceTree = "<group>";
		};
		FAF763322846B8B200D20999 /* View */ = {
			isa = PBXGroup;
			children = (
				FAF763332846B8DE00D20999 /* FruitCardView.swift */,
				FAF763382846BE9300D20999 /* StartButtonView.swift */,
			);
			path = View;
			sourceTree = "<group>";
		};
		FAF763352846BDC500D20999 /* Data */ = {
			isa = PBXGroup;
			children = (
				FAF763362846BDC500D20999 /* FruitsData.txt */,
			);
			path = Data;
			sourceTree = "<group>";
		};
/* End PBXGroup section */

/* Begin PBXNativeTarget section */
		FAF7631D2845FBF100D20999 /* Fruits */ = {
			isa = PBXNativeTarget;
			buildConfigurationList = FAF7632C2845FBF300D20999 /* Build configuration list for PBXNativeTarget "Fruits" */;
			buildPhases = (
				FAF7631A2845FBF100D20999 /* Sources */,
				FAF7631B2845FBF100D20999 /* Frameworks */,
				FAF7631C2845FBF100D20999 /* Resources */,
			);
			buildRules = (
			);
			dependencies = (
			);
			name = Fruits;
			productName = Fruits;
			productReference = FAF7631E2845FBF100D20999 /* Fruits.app */;
			productType = "com.apple.product-type.application";
		};
/* End PBXNativeTarget section */

/* Begin PBXProject section */
		FAF763162845FBF100D20999 /* Project object */ = {
			isa = PBXProject;
			attributes = {
				BuildIndependentTargetsInParallel = 1;
				LastSwiftUpdateCheck = 1320;
				LastUpgradeCheck = 1320;
				TargetAttributes = {
					FAF7631D2845FBF100D20999 = {
						CreatedOnToolsVersion = 13.2.1;
					};
				};
			};
			buildConfigurationList = FAF763192845FBF100D20999 /* Build configuration list for PBXProject "Fruits" */;
			compatibilityVersion = "Xcode 13.0";
			developmentRegion = en;
			hasScannedForEncodings = 0;
			knownRegions = (
				en,
				Base,
			);
			mainGroup = FAF763152845FBF100D20999;
			productRefGroup = FAF7631F2845FBF100D20999 /* Products */;
			projectDirPath = "";
			projectRoot = "";
			targets = (
				FAF7631D2845FBF100D20999 /* Fruits */,
			);
		};
/* End PBXProject section */

/* Begin PBXResourcesBuildPhase section */
		FAF7631C2845FBF100D20999 /* Resources */ = {
			isa = PBXResourcesBuildPhase;
			buildActionMask = 2147483647;
			files = (
				FAF763302846A40B00D20999 /* README.md in Resources */,
				FAF763292845FBF300D20999 /* Preview Assets.xcassets in Resources */,
				FAF763262845FBF300D20999 /* Assets.xcassets in Resources */,
				FAF763372846BDC500D20999 /* FruitsData.txt in Resources */,
			);
			runOnlyForDeploymentPostprocessing = 0;
		};
/* End PBXResourcesBuildPhase section */

/* Begin PBXSourcesBuildPhase section */
		FAF7631A2845FBF100D20999 /* Sources */ = {
			isa = PBXSourcesBuildPhase;
			buildActionMask = 2147483647;
			files = (
				FAF763342846B8DE00D20999 /* FruitCardView.swift in Sources */,
				FAF763392846BE9300D20999 /* StartButtonView.swift in Sources */,
				FAF763242845FBF100D20999 /* ContentView.swift in Sources */,
				FAF763222845FBF100D20999 /* FruitsApp.swift in Sources */,
			);
			runOnlyForDeploymentPostprocessing = 0;
		};
/* End PBXSourcesBuildPhase section */

/* Begin XCBuildConfiguration section */
		FAF7632A2845FBF300D20999 /* Debug */ = {
			isa = XCBuildConfiguration;
			buildSettings = {
				ALWAYS_SEARCH_USER_PATHS = NO;
				CLANG_ANALYZER_NONNULL = YES;
				CLANG_ANALYZER_NUMBER_OBJECT_CONVERSION = YES_AGGRESSIVE;
				CLANG_CXX_LANGUAGE_STANDARD = "gnu++17";
				CLANG_CXX_LIBRARY = "libc++";
				CLANG_ENABLE_MODULES = YES;
				CLANG_ENABLE_OBJC_ARC = YES;
				CLANG_ENABLE_OBJC_WEAK = YES;
				CLANG_WARN_BLOCK_CAPTURE_AUTORELEASING = YES;
				CLANG_WARN_BOOL_CONVERSION = YES;
				CLANG_WARN_COMMA = YES;
				CLANG_WARN_CONSTANT_CONVERSION = YES;
				CLANG_WARN_DEPRECATED_OBJC_IMPLEMENTATIONS = YES;
				CLANG_WARN_DIRECT_OBJC_ISA_USAGE = YES_ERROR;
				CLANG_WARN_DOCUMENTATION_COMMENTS = YES;
				CLANG_WARN_EMPTY_BODY = YES;
				CLANG_WARN_ENUM_CONVERSION = YES;
				CLANG_WARN_INFINITE_RECURSION = YES;
				CLANG_WARN_INT_CONVERSION = YES;
				CLANG_WARN_NON_LITERAL_NULL_CONVERSION = YES;
				CLANG_WARN_OBJC_IMPLICIT_RETAIN_SELF = YES;
				CLANG_WARN_OBJC_LITERAL_CONVERSION = YES;
				CLANG_WARN_OBJC_ROOT_CLASS = YES_ERROR;
				CLANG_WARN_QUOTED_INCLUDE_IN_FRAMEWORK_HEADER = YES;
				CLANG_WARN_RANGE_LOOP_ANALYSIS = YES;
				CLANG_WARN_STRICT_PROTOTYPES = YES;
				CLANG_WARN_SUSPICIOUS_MOVE = YES;
				CLANG_WARN_UNGUARDED_AVAILABILITY = YES_AGGRESSIVE;
				CLANG_WARN_UNREACHABLE_CODE = YES;
				CLANG_WARN__DUPLICATE_METHOD_MATCH = YES;
				COPY_PHASE_STRIP = NO;
				DEBUG_INFORMATION_FORMAT = dwarf;
				ENABLE_STRICT_OBJC_MSGSEND = YES;
				ENABLE_TESTABILITY = YES;
				GCC_C_LANGUAGE_STANDARD = gnu11;
				GCC_DYNAMIC_NO_PIC = NO;
				GCC_NO_COMMON_BLOCKS = YES;
				GCC_OPTIMIZATION_LEVEL = 0;
				GCC_PREPROCESSOR_DEFINITIONS = (
					"DEBUG=1",
					"$(inherited)",
				);
				GCC_WARN_64_TO_32_BIT_CONVERSION = YES;
				GCC_WARN_ABOUT_RETURN_TYPE = YES_ERROR;
				GCC_WARN_UNDECLARED_SELECTOR = YES;
				GCC_WARN_UNINITIALIZED_AUTOS = YES_AGGRESSIVE;
				GCC_WARN_UNUSED_FUNCTION = YES;
				GCC_WARN_UNUSED_VARIABLE = YES;
				IPHONEOS_DEPLOYMENT_TARGET = 15.2;
				MTL_ENABLE_DEBUG_INFO = INCLUDE_SOURCE;
				MTL_FAST_MATH = YES;
				ONLY_ACTIVE_ARCH = YES;
				SDKROOT = iphoneos;
				SWIFT_ACTIVE_COMPILATION_CONDITIONS = DEBUG;
				SWIFT_OPTIMIZATION_LEVEL = "-Onone";
			};
			name = Debug;
		};
		FAF7632B2845FBF300D20999 /* Release */ = {
			isa = XCBuildConfiguration;
			buildSettings = {
				ALWAYS_SEARCH_USER_PATHS = NO;
				CLANG_ANALYZER_NONNULL = YES;
				CLANG_ANALYZER_NUMBER_OBJECT_CONVERSION = YES_AGGRESSIVE;
				CLANG_CXX_LANGUAGE_STANDARD = "gnu++17";
				CLANG_CXX_LIBRARY = "libc++";
				CLANG_ENABLE_MODULES = YES;
				CLANG_ENABLE_OBJC_ARC = YES;
				CLANG_ENABLE_OBJC_WEAK = YES;
				CLANG_WARN_BLOCK_CAPTURE_AUTORELEASING = YES;
				CLANG_WARN_BOOL_CONVERSION = YES;
				CLANG_WARN_COMMA = YES;
				CLANG_WARN_CONSTANT_CONVERSION = YES;
				CLANG_WARN_DEPRECATED_OBJC_IMPLEMENTATIONS = YES;
				CLANG_WARN_DIRECT_OBJC_ISA_USAGE = YES_ERROR;
				CLANG_WARN_DOCUMENTATION_COMMENTS = YES;
				CLANG_WARN_EMPTY_BODY = YES;
				CLANG_WARN_ENUM_CONVERSION = YES;
				CLANG_WARN_INFINITE_RECURSION = YES;
				CLANG_WARN_INT_CONVERSION = YES;
				CLANG_WARN_NON_LITERAL_NULL_CONVERSION = YES;
				CLANG_WARN_OBJC_IMPLICIT_RETAIN_SELF = YES;
				CLANG_WARN_OBJC_LITERAL_CONVERSION = YES;
				CLANG_WARN_OBJC_ROOT_CLASS = YES_ERROR;
				CLANG_WARN_QUOTED_INCLUDE_IN_FRAMEWORK_HEADER = YES;
				CLANG_WARN_RANGE_LOOP_ANALYSIS = YES;
				CLANG_WARN_STRICT_PROTOTYPES = YES;
				CLANG_WARN_SUSPICIOUS_MOVE = YES;
				CLANG_WARN_UNGUARDED_AVAILABILITY = YES_AGGRESSIVE;
				CLANG_WARN_UNREACHABLE_CODE = YES;
				CLANG_WARN__DUPLICATE_METHOD_MATCH = YES;
				COPY_PHASE_STRIP = NO;
				DEBUG_INFORMATION_FORMAT = "dwarf-with-dsym";
				ENABLE_NS_ASSERTIONS = NO;
				ENABLE_STRICT_OBJC_MSGSEND = YES;
				GCC_C_LANGUAGE_STANDARD = gnu11;
				GCC_NO_COMMON_BLOCKS = YES;
				GCC_WARN_64_TO_32_BIT_CONVERSION = YES;
				GCC_WARN_ABOUT_RETURN_TYPE = YES_ERROR;
				GCC_WARN_UNDECLARED_SELECTOR = YES;
				GCC_WARN_UNINITIALIZED_AUTOS = YES_AGGRESSIVE;
				GCC_WARN_UNUSED_FUNCTION = YES;
				GCC_WARN_UNUSED_VARIABLE = YES;
				IPHONEOS_DEPLOYMENT_TARGET = 15.2;
				MTL_ENABLE_DEBUG_INFO = NO;
				MTL_FAST_MATH = YES;
				SDKROOT = iphoneos;
				SWIFT_COMPILATION_MODE = wholemodule;
				SWIFT_OPTIMIZATION_LEVEL = "-O";
				VALIDATE_PRODUCT = YES;
			};
			name = Release;
		};
		FAF7632D2845FBF300D20999 /* Debug */ = {
			isa = XCBuildConfiguration;
			buildSettings = {
				ASSETCATALOG_COMPILER_APPICON_NAME = AppIcon;
				ASSETCATALOG_COMPILER_GLOBAL_ACCENT_COLOR_NAME = AccentColor;
				CODE_SIGN_STYLE = Automatic;
				CURRENT_PROJECT_VERSION = 1;
				DEVELOPMENT_ASSET_PATHS = "\"Fruits/Preview Content\"";
				DEVELOPMENT_TEAM = K6BJ9JXQPF;
				ENABLE_PREVIEWS = YES;
				GENERATE_INFOPLIST_FILE = YES;
				INFOPLIST_KEY_UIApplicationSceneManifest_Generation = YES;
				INFOPLIST_KEY_UIApplicationSupportsIndirectInputEvents = YES;
				INFOPLIST_KEY_UILaunchScreen_Generation = YES;
				INFOPLIST_KEY_UISupportedInterfaceOrientations_iPad = "UIInterfaceOrientationPortrait UIInterfaceOrientationPortraitUpsideDown UIInterfaceOrientationLandscapeLeft UIInterfaceOrientationLandscapeRight";
				INFOPLIST_KEY_UISupportedInterfaceOrientations_iPhone = "UIInterfaceOrientationPortrait UIInterfaceOrientationLandscapeLeft UIInterfaceOrientationLandscapeRight";
				LD_RUNPATH_SEARCH_PATHS = (
					"$(inherited)",
					"@executable_path/Frameworks",
				);
				MARKETING_VERSION = 1.0;
				PRODUCT_BUNDLE_IDENTIFIER = systemApps.Fruits;
				PRODUCT_NAME = "$(TARGET_NAME)";
				SWIFT_EMIT_LOC_STRINGS = YES;
				SWIFT_VERSION = 5.0;
				TARGETED_DEVICE_FAMILY = "1,2";
			};
			name = Debug;
		};
		FAF7632E2845FBF300D20999 /* Release */ = {
			isa = XCBuildConfiguration;
			buildSettings = {
				ASSETCATALOG_COMPILER_APPICON_NAME = AppIcon;
				ASSETCATALOG_COMPILER_GLOBAL_ACCENT_COLOR_NAME = AccentColor;
				CODE_SIGN_STYLE = Automatic;
				CURRENT_PROJECT_VERSION = 1;
				DEVELOPMENT_ASSET_PATHS = "\"Fruits/Preview Content\"";
				DEVELOPMENT_TEAM = K6BJ9JXQPF;
				ENABLE_PREVIEWS = YES;
				GENERATE_INFOPLIST_FILE = YES;
				INFOPLIST_KEY_UIApplicationSceneManifest_Generation = YES;
				INFOPLIST_KEY_UIApplicationSupportsIndirectInputEvents = YES;
				INFOPLIST_KEY_UILaunchScreen_Generation = YES;
				INFOPLIST_KEY_UISupportedInterfaceOrientations_iPad = "UIInterfaceOrientationPortrait UIInterfaceOrientationPortraitUpsideDown UIInterfaceOrientationLandscapeLeft UIInterfaceOrientationLandscapeRight";
				INFOPLIST_KEY_UISupportedInterfaceOrientations_iPhone = "UIInterfaceOrientationPortrait UIInterfaceOrientationLandscapeLeft UIInterfaceOrientationLandscapeRight";
				LD_RUNPATH_SEARCH_PATHS = (
					"$(inherited)",
					"@executable_path/Frameworks",
				);
				MARKETING_VERSION = 1.0;
				PRODUCT_BUNDLE_IDENTIFIER = systemApps.Fruits;
				PRODUCT_NAME = "$(TARGET_NAME)";
				SWIFT_EMIT_LOC_STRINGS = YES;
				SWIFT_VERSION = 5.0;
				TARGETED_DEVICE_FAMILY = "1,2";
			};
			name = Release;
		};
/* End XCBuildConfiguration section */

/* Begin XCConfigurationList section */
		FAF763192845FBF100D20999 /* Build configuration list for PBXProject "Fruits" */ = {
			isa = XCConfigurationList;
			buildConfigurations = (
				FAF7632A2845FBF300D20999 /* Debug */,
				FAF7632B2845FBF300D20999 /* Release */,
			);
			defaultConfigurationIsVisible = 0;
			defaultConfigurationName = Release;
		};
		FAF7632C2845FBF300D20999 /* Build configuration list for PBXNativeTarget "Fruits" */ = {
			isa = XCConfigurationList;
			buildConfigurations = (
				FAF7632D2845FBF300D20999 /* Debug */,
				FAF7632E2845FBF300D20999 /* Release */,
			);
			defaultConfigurationIsVisible = 0;
			defaultConfigurationName = Release;
		};
/* End XCConfigurationList section */
	};
	rootObject = FAF763162845FBF100D20999 /* Project object */;
}
